
Microsoft Visual Studio Solution File, Format Version 12.00
# Visual Studio 15
VisualStudioVersion = 15.0.28307.960
MinimumVisualStudioVersion = 10.0.40219.1
Project("{FAE04EC0-301F-11D3-BF4B-00C04F79EFBC}") = "TeduShop.Common", "TeduShop.Common\TeduShop.Common.csproj", "{DD64D038-3C17-48E2-B87C-8D6CF58992D7}"
EndProject
Project("{FAE04EC0-301F-11D3-BF4B-00C04F79EFBC}") = "TeduShop.Model", "TeduShop.Model\TeduShop.Model.csproj", "{1A02FDB3-53C0-4371-AA92-83A4219AB7BD}"
EndProject
Project("{FAE04EC0-301F-11D3-BF4B-00C04F79EFBC}") = "TeduShop.Data", "TeduShop.Data\TeduShop.Data.csproj", "{F31019C7-C012-4A90-8A0B-769F295937F8}"
EndProject
Project("{FAE04EC0-301F-11D3-BF4B-00C04F79EFBC}") = "TeduShop.Service", "TeduShop.Service\TeduShop.Service.csproj", "{5DC1F31E-234F-489A-9DE0-D6FCB51E8F4E}"
EndProject
Project("{FAE04EC0-301F-11D3-BF4B-00C04F79EFBC}") = "TeduShop.UnitTest", "TeduShop.UnitTest\TeduShop.UnitTest.csproj", "{D93F19B3-8E9D-492F-9DE5-22E9AC3D4D52}"
EndProject
Project("{FAE04EC0-301F-11D3-BF4B-00C04F79EFBC}") = "TeduShop.Web", "TeduShop.Web\TeduShop.Web.csproj", "{FC9711CC-6897-40BC-896D-7E9EBEAB5F12}"
EndProject
Global
	GlobalSection(SolutionConfigurationPlatforms) = preSolution
		Debug|Any CPU = Debug|Any CPU
		Release|Any CPU = Release|Any CPU
	EndGlobalSection
	GlobalSection(ProjectConfigurationPlatforms) = postSolution
		{DD64D038-3C17-48E2-B87C-8D6CF58992D7}.Debug|Any CPU.ActiveCfg = Debug|Any CPU
		{DD64D038-3C17-48E2-B87C-8D6CF58992D7}.Debug|Any CPU.Build.0 = Debug|Any CPU
		{DD64D038-3C17-48E2-B87C-8D6CF58992D7}.Release|Any CPU.ActiveCfg = Release|Any CPU
		{DD64D038-3C17-48E2-B87C-8D6CF58992D7}.Release|Any CPU.Build.0 = Release|Any CPU
		{1A02FDB3-53C0-4371-AA92-83A4219AB7BD}.Debug|Any CPU.ActiveCfg = Debug|Any CPU
		{1A02FDB3-53C0-4371-AA92-83A4219AB7BD}.Debug|Any CPU.Build.0 = Debug|Any CPU
		{1A02FDB3-53C0-4371-AA92-83A4219AB7BD}.Release|Any CPU.ActiveCfg = Release|Any CPU
		{1A02FDB3-53C0-4371-AA92-83A4219AB7BD}.Release|Any CPU.Build.0 = Release|Any CPU
		{F31019C7-C012-4A90-8A0B-769F295937F8}.Debug|Any CPU.ActiveCfg = Debug|Any CPU
		{F31019C7-C012-4A90-8A0B-769F295937F8}.Debug|Any CPU.Build.0 = Debug|Any CPU
		{F31019C7-C012-4A90-8A0B-769F295937F8}.Release|Any CPU.ActiveCfg = Release|Any CPU
		{F31019C7-C012-4A90-8A0B-769F295937F8}.Release|Any CPU.Build.0 = Release|Any CPU
		{5DC1F31E-234F-489A-9DE0-D6FCB51E8F4E}.Debug|Any CPU.ActiveCfg = Debug|Any CPU
		{5DC1F31E-234F-489A-9DE0-D6FCB51E8F4E}.Debug|Any CPU.Build.0 = Debug|Any CPU
		{5DC1F31E-234F-489A-9DE0-D6FCB51E8F4E}.Release|Any CPU.ActiveCfg = Release|Any CPU
		{5DC1F31E-234F-489A-9DE0-D6FCB51E8F4E}.Release|Any CPU.Build.0 = Release|Any CPU
		{D93F19B3-8E9D-492F-9DE5-22E9AC3D4D52}.Debug|Any CPU.ActiveCfg = Debug|Any CPU
		{D93F19B3-8E9D-492F-9DE5-22E9AC3D4D52}.Debug|Any CPU.Build.0 = Debug|Any CPU
		{D93F19B3-8E9D-492F-9DE5-22E9AC3D4D52}.Release|Any CPU.ActiveCfg = Release|Any CPU
		{D93F19B3-8E9D-492F-9DE5-22E9AC3D4D52}.Release|Any CPU.Build.0 = Release|Any CPU
		{FC9711CC-6897-40BC-896D-7E9EBEAB5F12}.Debug|Any CPU.ActiveCfg = Debug|Any CPU
		{FC9711CC-6897-40BC-896D-7E9EBEAB5F12}.Debug|Any CPU.Build.0 = Debug|Any CPU
		{FC9711CC-6897-40BC-896D-7E9EBEAB5F12}.Release|Any CPU.ActiveCfg = Release|Any CPU
		{FC9711CC-6897-40BC-896D-7E9EBEAB5F12}.Release|Any CPU.Build.0 = Release|Any CPU
	EndGlobalSection
	GlobalSection(SolutionProperties) = preSolution
		HideSolutionNode = FALSE
	EndGlobalSection
	GlobalSection(ExtensibilityGlobals) = postSolution
		SolutionGuid = {3851152C-F4EC-488F-A22F-0CAD9840FD31}
	EndGlobalSection
EndGlobal
